// !$*UTF8*$!
{
	archiveVersion = 1;
	classes = {
	};
	objectVersion = 46;
	objects = {

/* Begin PBXBuildFile section */
		2BDFE9C41DDCBC2500B87696 /* main.m in Sources */ = {isa = PBXBuildFile; fileRef = 2BDFE9C31DDCBC2500B87696 /* main.m */; };
		2BDFE9C71DDCBC2500B87696 /* AppDelegate.m in Sources */ = {isa = PBXBuildFile; fileRef = 2BDFE9C61DDCBC2500B87696 /* AppDelegate.m */; };
		2BDFE9CD1DDCBC2500B87696 /* Main.storyboard in Resources */ = {isa = PBXBuildFile; fileRef = 2BDFE9CB1DDCBC2500B87696 /* Main.storyboard */; };
		2BDFE9CF1DDCBC2500B87696 /* Assets.xcassets in Resources */ = {isa = PBXBuildFile; fileRef = 2BDFE9CE1DDCBC2500B87696 /* Assets.xcassets */; };
		2BDFE9D21DDCBC2500B87696 /* LaunchScreen.storyboard in Resources */ = {isa = PBXBuildFile; fileRef = 2BDFE9D01DDCBC2500B87696 /* LaunchScreen.storyboard */; };
		2BDFE9DD1DDCBC2500B87696 /* InstaKiloTests.m in Sources */ = {isa = PBXBuildFile; fileRef = 2BDFE9DC1DDCBC2500B87696 /* InstaKiloTests.m */; };
		2BDFE9E81DDCBC2500B87696 /* InstaKiloUITests.m in Sources */ = {isa = PBXBuildFile; fileRef = 2BDFE9E71DDCBC2500B87696 /* InstaKiloUITests.m */; };
		2BDFE9F71DDCBF3500B87696 /* CollectionViewController.m in Sources */ = {isa = PBXBuildFile; fileRef = 2BDFE9F61DDCBF3500B87696 /* CollectionViewController.m */; };
		2BDFE9FA1DDCBF9500B87696 /* CollectionViewCell.m in Sources */ = {isa = PBXBuildFile; fileRef = 2BDFE9F91DDCBF9500B87696 /* CollectionViewCell.m */; };
		2BDFE9FD1DDCC2A500B87696 /* PhotoManager.m in Sources */ = {isa = PBXBuildFile; fileRef = 2BDFE9FC1DDCC2A500B87696 /* PhotoManager.m */; };
		2BDFEA031DDCC4A400B87696 /* PhotoObjectGroup.m in Sources */ = {isa = PBXBuildFile; fileRef = 2BDFEA021DDCC4A400B87696 /* PhotoObjectGroup.m */; };
		2BDFEA061DDD111200B87696 /* CollectionReusableView.m in Sources */ = {isa = PBXBuildFile; fileRef = 2BDFEA051DDD111200B87696 /* CollectionReusableView.m */; };
		2BDFEA091DDD180C00B87696 /* DetailViewController.m in Sources */ = {isa = PBXBuildFile; fileRef = 2BDFEA081DDD180C00B87696 /* DetailViewController.m */; };
/* End PBXBuildFile section */

/* Begin PBXContainerItemProxy section */
		2BDFE9D91DDCBC2500B87696 /* PBXContainerItemProxy */ = {
			isa = PBXContainerItemProxy;
			containerPortal = 2BDFE9B71DDCBC2500B87696 /* Project object */;
			proxyType = 1;
			remoteGlobalIDString = 2BDFE9BE1DDCBC2500B87696;
			remoteInfo = InstaKilo;
		};
		2BDFE9E41DDCBC2500B87696 /* PBXContainerItemProxy */ = {
			isa = PBXContainerItemProxy;
			containerPortal = 2BDFE9B71DDCBC2500B87696 /* Project object */;
			proxyType = 1;
			remoteGlobalIDString = 2BDFE9BE1DDCBC2500B87696;
			remoteInfo = InstaKilo;
		};
/* End PBXContainerItemProxy section */

/* Begin PBXFileReference section */
		2BDFE9BF1DDCBC2500B87696 /* InstaKilo.app */ = {isa = PBXFileReference; explicitFileType = wrapper.application; includeInIndex = 0; path = InstaKilo.app; sourceTree = BUILT_PRODUCTS_DIR; };
		2BDFE9C31DDCBC2500B87696 /* main.m */ = {isa = PBXFileReference; lastKnownFileType = sourcecode.c.objc; path = main.m; sourceTree = "<group>"; };
		2BDFE9C51DDCBC2500B87696 /* AppDelegate.h */ = {isa = PBXFileReference; lastKnownFileType = sourcecode.c.h; path = AppDelegate.h; sourceTree = "<group>"; };
		2BDFE9C61DDCBC2500B87696 /* AppDelegate.m */ = {isa = PBXFileReference; lastKnownFileType = sourcecode.c.objc; path = AppDelegate.m; sourceTree = "<group>"; };
		2BDFE9CC1DDCBC2500B87696 /* Base */ = {isa = PBXFileReference; lastKnownFileType = file.storyboard; name = Base; path = Base.lproj/Main.storyboard; sourceTree = "<group>"; };
		2BDFE9CE1DDCBC2500B87696 /* Assets.xcassets */ = {isa = PBXFileReference; lastKnownFileType = folder.assetcatalog; path = Assets.xcassets; sourceTree = "<group>"; };
		2BDFE9D11DDCBC2500B87696 /* Base */ = {isa = PBXFileReference; lastKnownFileType = file.storyboard; name = Base; path = Base.lproj/LaunchScreen.storyboard; sourceTree = "<group>"; };
		2BDFE9D31DDCBC2500B87696 /* Info.plist */ = {isa = PBXFileReference; lastKnownFileType = text.plist.xml; path = Info.plist; sourceTree = "<group>"; };
		2BDFE9D81DDCBC2500B87696 /* InstaKiloTests.xctest */ = {isa = PBXFileReference; explicitFileType = wrapper.cfbundle; includeInIndex = 0; path = InstaKiloTests.xctest; sourceTree = BUILT_PRODUCTS_DIR; };
		2BDFE9DC1DDCBC2500B87696 /* InstaKiloTests.m */ = {isa = PBXFileReference; lastKnownFileType = sourcecode.c.objc; path = InstaKiloTests.m; sourceTree = "<group>"; };
		2BDFE9DE1DDCBC2500B87696 /* Info.plist */ = {isa = PBXFileReference; lastKnownFileType = text.plist.xml; path = Info.plist; sourceTree = "<group>"; };
		2BDFE9E31DDCBC2500B87696 /* InstaKiloUITests.xctest */ = {isa = PBXFileReference; explicitFileType = wrapper.cfbundle; includeInIndex = 0; path = InstaKiloUITests.xctest; sourceTree = BUILT_PRODUCTS_DIR; };
		2BDFE9E71DDCBC2500B87696 /* InstaKiloUITests.m */ = {isa = PBXFileReference; lastKnownFileType = sourcecode.c.objc; path = InstaKiloUITests.m; sourceTree = "<group>"; };
		2BDFE9E91DDCBC2500B87696 /* Info.plist */ = {isa = PBXFileReference; lastKnownFileType = text.plist.xml; path = Info.plist; sourceTree = "<group>"; };
		2BDFE9F51DDCBF3500B87696 /* CollectionViewController.h */ = {isa = PBXFileReference; fileEncoding = 4; lastKnownFileType = sourcecode.c.h; path = CollectionViewController.h; sourceTree = "<group>"; };
		2BDFE9F61DDCBF3500B87696 /* CollectionViewController.m */ = {isa = PBXFileReference; fileEncoding = 4; lastKnownFileType = sourcecode.c.objc; path = CollectionViewController.m; sourceTree = "<group>"; };
		2BDFE9F81DDCBF9500B87696 /* CollectionViewCell.h */ = {isa = PBXFileReference; fileEncoding = 4; lastKnownFileType = sourcecode.c.h; path = CollectionViewCell.h; sourceTree = "<group>"; };
		2BDFE9F91DDCBF9500B87696 /* CollectionViewCell.m */ = {isa = PBXFileReference; fileEncoding = 4; lastKnownFileType = sourcecode.c.objc; path = CollectionViewCell.m; sourceTree = "<group>"; };
		2BDFE9FB1DDCC2A500B87696 /* PhotoManager.h */ = {isa = PBXFileReference; fileEncoding = 4; lastKnownFileType = sourcecode.c.h; path = PhotoManager.h; sourceTree = "<group>"; };
		2BDFE9FC1DDCC2A500B87696 /* PhotoManager.m */ = {isa = PBXFileReference; fileEncoding = 4; lastKnownFileType = sourcecode.c.objc; path = PhotoManager.m; sourceTree = "<group>"; };
		2BDFEA011DDCC4A400B87696 /* PhotoObjectGroup.h */ = {isa = PBXFileReference; fileEncoding = 4; lastKnownFileType = sourcecode.c.h; path = PhotoObjectGroup.h; sourceTree = "<group>"; };
		2BDFEA021DDCC4A400B87696 /* PhotoObjectGroup.m */ = {isa = PBXFileReference; fileEncoding = 4; lastKnownFileType = sourcecode.c.objc; path = PhotoObjectGroup.m; sourceTree = "<group>"; };
		2BDFEA041DDD111200B87696 /* CollectionReusableView.h */ = {isa = PBXFileReference; fileEncoding = 4; lastKnownFileType = sourcecode.c.h; path = CollectionReusableView.h; sourceTree = "<group>"; };
		2BDFEA051DDD111200B87696 /* CollectionReusableView.m */ = {isa = PBXFileReference; fileEncoding = 4; lastKnownFileType = sourcecode.c.objc; path = CollectionReusableView.m; sourceTree = "<group>"; };
		2BDFEA071DDD180C00B87696 /* DetailViewController.h */ = {isa = PBXFileReference; fileEncoding = 4; lastKnownFileType = sourcecode.c.h; path = DetailViewController.h; sourceTree = "<group>"; };
		2BDFEA081DDD180C00B87696 /* DetailViewController.m */ = {isa = PBXFileReference; fileEncoding = 4; lastKnownFileType = sourcecode.c.objc; path = DetailViewController.m; sourceTree = "<group>"; };
/* End PBXFileReference section */

/* Begin PBXFrameworksBuildPhase section */
		2BDFE9BC1DDCBC2500B87696 /* Frameworks */ = {
			isa = PBXFrameworksBuildPhase;
			buildActionMask = 2147483647;
			files = (
			);
			runOnlyForDeploymentPostprocessing = 0;
		};
		2BDFE9D51DDCBC2500B87696 /* Frameworks */ = {
			isa = PBXFrameworksBuildPhase;
			buildActionMask = 2147483647;
			files = (
			);
			runOnlyForDeploymentPostprocessing = 0;
		};
		2BDFE9E01DDCBC2500B87696 /* Frameworks */ = {
			isa = PBXFrameworksBuildPhase;
			buildActionMask = 2147483647;
			files = (
			);
			runOnlyForDeploymentPostprocessing = 0;
		};
/* End PBXFrameworksBuildPhase section */

/* Begin PBXGroup section */
		2BDFE9B61DDCBC2500B87696 = {
			isa = PBXGroup;
			children = (
				2BDFE9C11DDCBC2500B87696 /* InstaKilo */,
				2BDFE9DB1DDCBC2500B87696 /* InstaKiloTests */,
				2BDFE9E61DDCBC2500B87696 /* InstaKiloUITests */,
				2BDFE9C01DDCBC2500B87696 /* Products */,
			);
			sourceTree = "<group>";
		};
		2BDFE9C01DDCBC2500B87696 /* Products */ = {
			isa = PBXGroup;
			children = (
				2BDFE9BF1DDCBC2500B87696 /* InstaKilo.app */,
				2BDFE9D81DDCBC2500B87696 /* InstaKiloTests.xctest */,
				2BDFE9E31DDCBC2500B87696 /* InstaKiloUITests.xctest */,
			);
			name = Products;
			sourceTree = "<group>";
		};
		2BDFE9C11DDCBC2500B87696 /* InstaKilo */ = {
			isa = PBXGroup;
			children = (
				2BDFE9C51DDCBC2500B87696 /* AppDelegate.h */,
				2BDFE9C61DDCBC2500B87696 /* AppDelegate.m */,
				2BDFE9F51DDCBF3500B87696 /* CollectionViewController.h */,
				2BDFE9F61DDCBF3500B87696 /* CollectionViewController.m */,
				2BDFEA071DDD180C00B87696 /* DetailViewController.h */,
				2BDFEA081DDD180C00B87696 /* DetailViewController.m */,
				2BDFE9F81DDCBF9500B87696 /* CollectionViewCell.h */,
				2BDFE9F91DDCBF9500B87696 /* CollectionViewCell.m */,
				2BDFEA041DDD111200B87696 /* CollectionReusableView.h */,
				2BDFEA051DDD111200B87696 /* CollectionReusableView.m */,
				2BDFE9FB1DDCC2A500B87696 /* PhotoManager.h */,
				2BDFE9FC1DDCC2A500B87696 /* PhotoManager.m */,
				2BDFEA011DDCC4A400B87696 /* PhotoObjectGroup.h */,
				2BDFEA021DDCC4A400B87696 /* PhotoObjectGroup.m */,
				2BDFE9CB1DDCBC2500B87696 /* Main.storyboard */,
				2BDFE9CE1DDCBC2500B87696 /* Assets.xcassets */,
				2BDFE9D01DDCBC2500B87696 /* LaunchScreen.storyboard */,
				2BDFE9D31DDCBC2500B87696 /* Info.plist */,
				2BDFE9C21DDCBC2500B87696 /* Supporting Files */,
			);
			path = InstaKilo;
			sourceTree = "<group>";
		};
		2BDFE9C21DDCBC2500B87696 /* Supporting Files */ = {
			isa = PBXGroup;
			children = (
				2BDFE9C31DDCBC2500B87696 /* main.m */,
			);
			name = "Supporting Files";
			sourceTree = "<group>";
		};
		2BDFE9DB1DDCBC2500B87696 /* InstaKiloTests */ = {
			isa = PBXGroup;
			children = (
				2BDFE9DC1DDCBC2500B87696 /* InstaKiloTests.m */,
				2BDFE9DE1DDCBC2500B87696 /* Info.plist */,
			);
			path = InstaKiloTests;
			sourceTree = "<group>";
		};
		2BDFE9E61DDCBC2500B87696 /* InstaKiloUITests */ = {
			isa = PBXGroup;
			children = (
				2BDFE9E71DDCBC2500B87696 /* InstaKiloUITests.m */,
				2BDFE9E91DDCBC2500B87696 /* Info.plist */,
			);
			path = InstaKiloUITests;
			sourceTree = "<group>";
		};
/* End PBXGroup section */

/* Begin PBXNativeTarget section */
		2BDFE9BE1DDCBC2500B87696 /* InstaKilo */ = {
			isa = PBXNativeTarget;
			buildConfigurationList = 2BDFE9EC1DDCBC2500B87696 /* Build configuration list for PBXNativeTarget "InstaKilo" */;
			buildPhases = (
				2BDFE9BB1DDCBC2500B87696 /* Sources */,
				2BDFE9BC1DDCBC2500B87696 /* Frameworks */,
				2BDFE9BD1DDCBC2500B87696 /* Resources */,
			);
			buildRules = (
			);
			dependencies = (
			);
			name = InstaKilo;
			productName = InstaKilo;
			productReference = 2BDFE9BF1DDCBC2500B87696 /* InstaKilo.app */;
			productType = "com.apple.product-type.application";
		};
		2BDFE9D71DDCBC2500B87696 /* InstaKiloTests */ = {
			isa = PBXNativeTarget;
			buildConfigurationList = 2BDFE9EF1DDCBC2500B87696 /* Build configuration list for PBXNativeTarget "InstaKiloTests" */;
			buildPhases = (
				2BDFE9D41DDCBC2500B87696 /* Sources */,
				2BDFE9D51DDCBC2500B87696 /* Frameworks */,
				2BDFE9D61DDCBC2500B87696 /* Resources */,
			);
			buildRules = (
			);
			dependencies = (
				2BDFE9DA1DDCBC2500B87696 /* PBXTargetDependency */,
			);
			name = InstaKiloTests;
			productName = InstaKiloTests;
			productReference = 2BDFE9D81DDCBC2500B87696 /* InstaKiloTests.xctest */;
			productType = "com.apple.product-type.bundle.unit-test";
		};
		2BDFE9E21DDCBC2500B87696 /* InstaKiloUITests */ = {
			isa = PBXNativeTarget;
			buildConfigurationList = 2BDFE9F21DDCBC2500B87696 /* Build configuration list for PBXNativeTarget "InstaKiloUITests" */;
			buildPhases = (
				2BDFE9DF1DDCBC2500B87696 /* Sources */,
				2BDFE9E01DDCBC2500B87696 /* Frameworks */,
				2BDFE9E11DDCBC2500B87696 /* Resources */,
			);
			buildRules = (
			);
			dependencies = (
				2BDFE9E51DDCBC2500B87696 /* PBXTargetDependency */,
			);
			name = InstaKiloUITests;
			productName = InstaKiloUITests;
			productReference = 2BDFE9E31DDCBC2500B87696 /* InstaKiloUITests.xctest */;
			productType = "com.apple.product-type.bundle.ui-testing";
		};
/* End PBXNativeTarget section */

/* Begin PBXProject section */
		2BDFE9B71DDCBC2500B87696 /* Project object */ = {
			isa = PBXProject;
			attributes = {
				LastUpgradeCheck = 0810;
				ORGANIZATIONNAME = "Victor Hong";
				TargetAttributes = {
					2BDFE9BE1DDCBC2500B87696 = {
						CreatedOnToolsVersion = 8.1;
						ProvisioningStyle = Automatic;
					};
					2BDFE9D71DDCBC2500B87696 = {
						CreatedOnToolsVersion = 8.1;
						ProvisioningStyle = Automatic;
						TestTargetID = 2BDFE9BE1DDCBC2500B87696;
					};
					2BDFE9E21DDCBC2500B87696 = {
						CreatedOnToolsVersion = 8.1;
						ProvisioningStyle = Automatic;
						TestTargetID = 2BDFE9BE1DDCBC2500B87696;
					};
				};
			};
			buildConfigurationList = 2BDFE9BA1DDCBC2500B87696 /* Build configuration list for PBXProject "InstaKilo" */;
			compatibilityVersion = "Xcode 3.2";
			developmentRegion = English;
			hasScannedForEncodings = 0;
			knownRegions = (
				en,
				Base,
			);
			mainGroup = 2BDFE9B61DDCBC2500B87696;
			productRefGroup = 2BDFE9C01DDCBC2500B87696 /* Products */;
			projectDirPath = "";
			projectRoot = "";
			targets = (
				2BDFE9BE1DDCBC2500B87696 /* InstaKilo */,
				2BDFE9D71DDCBC2500B87696 /* InstaKiloTests */,
				2BDFE9E21DDCBC2500B87696 /* InstaKiloUITests */,
			);
		};
/* End PBXProject section */

/* Begin PBXResourcesBuildPhase section */
		2BDFE9BD1DDCBC2500B87696 /* Resources */ = {
			isa = PBXResourcesBuildPhase;
			buildActionMask = 2147483647;
			files = (
				2BDFE9D21DDCBC2500B87696 /* LaunchScreen.storyboard in Resources */,
				2BDFE9CF1DDCBC2500B87696 /* Assets.xcassets in Resources */,
				2BDFE9CD1DDCBC2500B87696 /* Main.storyboard in Resources */,
			);
			runOnlyForDeploymentPostprocessing = 0;
		};
		2BDFE9D61DDCBC2500B87696 /* Resources */ = {
			isa = PBXResourcesBuildPhase;
			buildActionMask = 2147483647;
			files = (
			);
			runOnlyForDeploymentPostprocessing = 0;
		};
		2BDFE9E11DDCBC2500B87696 /* Resources */ = {
			isa = PBXResourcesBuildPhase;
			buildActionMask = 2147483647;
			files = (
			);
			runOnlyForDeploymentPostprocessing = 0;
		};
/* End PBXResourcesBuildPhase section */

/* Begin PBXSourcesBuildPhase section */
		2BDFE9BB1DDCBC2500B87696 /* Sources */ = {
			isa = PBXSourcesBuildPhase;
			buildActionMask = 2147483647;
			files = (
				2BDFE9F71DDCBF3500B87696 /* CollectionViewController.m in Sources */,
				2BDFE9C71DDCBC2500B87696 /* AppDelegate.m in Sources */,
				2BDFEA031DDCC4A400B87696 /* PhotoObjectGroup.m in Sources */,
				2BDFEA091DDD180C00B87696 /* DetailViewController.m in Sources */,
				2BDFE9FD1DDCC2A500B87696 /* PhotoManager.m in Sources */,
				2BDFE9FA1DDCBF9500B87696 /* CollectionViewCell.m in Sources */,
				2BDFE9C41DDCBC2500B87696 /* main.m in Sources */,
				2BDFEA061DDD111200B87696 /* CollectionReusableView.m in Sources */,
			);
			runOnlyForDeploymentPostprocessing = 0;
		};
		2BDFE9D41DDCBC2500B87696 /* Sources */ = {
			isa = PBXSourcesBuildPhase;
			buildActionMask = 2147483647;
			files = (
				2BDFE9DD1DDCBC2500B87696 /* InstaKiloTests.m in Sources */,
			);
			runOnlyForDeploymentPostprocessing = 0;
		};
		2BDFE9DF1DDCBC2500B87696 /* Sources */ = {
			isa = PBXSourcesBuildPhase;
			buildActionMask = 2147483647;
			files = (
				2BDFE9E81DDCBC2500B87696 /* InstaKiloUITests.m in Sources */,
			);
			runOnlyForDeploymentPostprocessing = 0;
		};
/* End PBXSourcesBuildPhase section */

/* Begin PBXTargetDependency section */
		2BDFE9DA1DDCBC2500B87696 /* PBXTargetDependency */ = {
			isa = PBXTargetDependency;
			target = 2BDFE9BE1DDCBC2500B87696 /* InstaKilo */;
			targetProxy = 2BDFE9D91DDCBC2500B87696 /* PBXContainerItemProxy */;
		};
		2BDFE9E51DDCBC2500B87696 /* PBXTargetDependency */ = {
			isa = PBXTargetDependency;
			target = 2BDFE9BE1DDCBC2500B87696 /* InstaKilo */;
			targetProxy = 2BDFE9E41DDCBC2500B87696 /* PBXContainerItemProxy */;
		};
/* End PBXTargetDependency section */

/* Begin PBXVariantGroup section */
		2BDFE9CB1DDCBC2500B87696 /* Main.storyboard */ = {
			isa = PBXVariantGroup;
			children = (
				2BDFE9CC1DDCBC2500B87696 /* Base */,
			);
			name = Main.storyboard;
			sourceTree = "<group>";
		};
		2BDFE9D01DDCBC2500B87696 /* LaunchScreen.storyboard */ = {
			isa = PBXVariantGroup;
			children = (
				2BDFE9D11DDCBC2500B87696 /* Base */,
			);
			name = LaunchScreen.storyboard;
			sourceTree = "<group>";
		};
/* End PBXVariantGroup section */

/* Begin XCBuildConfiguration section */
		2BDFE9EA1DDCBC2500B87696 /* Debug */ = {
			isa = XCBuildConfiguration;
			buildSettings = {
				ALWAYS_SEARCH_USER_PATHS = NO;
				CLANG_ANALYZER_NONNULL = YES;
				CLANG_CXX_LANGUAGE_STANDARD = "gnu++0x";
				CLANG_CXX_LIBRARY = "libc++";
				CLANG_ENABLE_MODULES = YES;
				CLANG_ENABLE_OBJC_ARC = YES;
				CLANG_WARN_BOOL_CONVERSION = YES;
				CLANG_WARN_CONSTANT_CONVERSION = YES;
				CLANG_WARN_DIRECT_OBJC_ISA_USAGE = YES_ERROR;
				CLANG_WARN_DOCUMENTATION_COMMENTS = YES;
				CLANG_WARN_EMPTY_BODY = YES;
				CLANG_WARN_ENUM_CONVERSION = YES;
				CLANG_WARN_INFINITE_RECURSION = YES;
				CLANG_WARN_INT_CONVERSION = YES;
				CLANG_WARN_OBJC_ROOT_CLASS = YES_ERROR;
				CLANG_WARN_SUSPICIOUS_MOVES = YES;
				CLANG_WARN_UNREACHABLE_CODE = YES;
				CLANG_WARN__DUPLICATE_METHOD_MATCH = YES;
				"CODE_SIGN_IDENTITY[sdk=iphoneos*]" = "iPhone Developer";
				COPY_PHASE_STRIP = NO;
				DEBUG_INFORMATION_FORMAT = dwarf;
				ENABLE_STRICT_OBJC_MSGSEND = YES;
				ENABLE_TESTABILITY = YES;
				GCC_C_LANGUAGE_STANDARD = gnu99;
				GCC_DYNAMIC_NO_PIC = NO;
				GCC_NO_COMMON_BLOCKS = YES;
				GCC_OPTIMIZATION_LEVEL = 0;
				GCC_PREPROCESSOR_DEFINITIONS = (
					"DEBUG=1",
					"$(inherited)",
				);
				GCC_WARN_64_TO_32_BIT_CONVERSION = YES;
				GCC_WARN_ABOUT_RETURN_TYPE = YES_ERROR;
				GCC_WARN_UNDECLARED_SELECTOR = YES;
				GCC_WARN_UNINITIALIZED_AUTOS = YES_AGGRESSIVE;
				GCC_WARN_UNUSED_FUNCTION = YES;
				GCC_WARN_UNUSED_VARIABLE = YES;
				IPHONEOS_DEPLOYMENT_TARGET = 10.1;
				MTL_ENABLE_DEBUG_INFO = YES;
				ONLY_ACTIVE_ARCH = YES;
				SDKROOT = iphoneos;
				TARGETED_DEVICE_FAMILY = "1,2";
			};
			name = Debug;
		};
		2BDFE9EB1DDCBC2500B87696 /* Release */ = {
			isa = XCBuildConfiguration;
			buildSettings = {
				ALWAYS_SEARCH_USER_PATHS = NO;
				CLANG_ANALYZER_NONNULL = YES;
				CLANG_CXX_LANGUAGE_STANDARD = "gnu++0x";
				CLANG_CXX_LIBRARY = "libc++";
				CLANG_ENABLE_MODULES = YES;
				CLANG_ENABLE_OBJC_ARC = YES;
				CLANG_WARN_BOOL_CONVERSION = YES;
				CLANG_WARN_CONSTANT_CONVERSION = YES;
				CLANG_WARN_DIRECT_OBJC_ISA_USAGE = YES_ERROR;
				CLANG_WARN_DOCUMENTATION_COMMENTS = YES;
				CLANG_WARN_EMPTY_BODY = YES;
				CLANG_WARN_ENUM_CONVERSION = YES;
				CLANG_WARN_INFINITE_RECURSION = YES;
				CLANG_WARN_INT_CONVERSION = YES;
				CLANG_WARN_OBJC_ROOT_CLASS = YES_ERROR;
				CLANG_WARN_SUSPICIOUS_MOVES = YES;
				CLANG_WARN_UNREACHABLE_CODE = YES;
				CLANG_WARN__DUPLICATE_METHOD_MATCH = YES;
				"CODE_SIGN_IDENTITY[sdk=iphoneos*]" = "iPhone Developer";
				COPY_PHASE_STRIP = NO;
				DEBUG_INFORMATION_FORMAT = "dwarf-with-dsym";
				ENABLE_NS_ASSERTIONS = NO;
				ENABLE_STRICT_OBJC_MSGSEND = YES;
				GCC_C_LANGUAGE_STANDARD = gnu99;
				GCC_NO_COMMON_BLOCKS = YES;
				GCC_WARN_64_TO_32_BIT_CONVERSION = YES;
				GCC_WARN_ABOUT_RETURN_TYPE = YES_ERROR;
				GCC_WARN_UNDECLARED_SELECTOR = YES;
				GCC_WARN_UNINITIALIZED_AUTOS = YES_AGGRESSIVE;
				GCC_WARN_UNUSED_FUNCTION = YES;
				GCC_WARN_UNUSED_VARIABLE = YES;
				IPHONEOS_DEPLOYMENT_TARGET = 10.1;
				MTL_ENABLE_DEBUG_INFO = NO;
				SDKROOT = iphoneos;
				TARGETED_DEVICE_FAMILY = "1,2";
				VALIDATE_PRODUCT = YES;
			};
			name = Release;
		};
		2BDFE9ED1DDCBC2500B87696 /* Debug */ = {
			isa = XCBuildConfiguration;
			buildSettings = {
				ASSETCATALOG_COMPILER_APPICON_NAME = AppIcon;
				INFOPLIST_FILE = InstaKilo/Info.plist;
				LD_RUNPATH_SEARCH_PATHS = "$(inherited) @executable_path/Frameworks";
				PRODUCT_BUNDLE_IDENTIFIER = com.victorhong.InstaKilo;
				PRODUCT_NAME = "$(TARGET_NAME)";
			};
			name = Debug;
		};
		2BDFE9EE1DDCBC2500B87696 /* Release */ = {
			isa = XCBuildConfiguration;
			buildSettings = {
				ASSETCATALOG_COMPILER_APPICON_NAME = AppIcon;
				INFOPLIST_FILE = InstaKilo/Info.plist;
				LD_RUNPATH_SEARCH_PATHS = "$(inherited) @executable_path/Frameworks";
				PRODUCT_BUNDLE_IDENTIFIER = com.victorhong.InstaKilo;
				PRODUCT_NAME = "$(TARGET_NAME)";
			};
			name = Release;
		};
		2BDFE9F01DDCBC2500B87696 /* Debug */ = {
			isa = XCBuildConfiguration;
			buildSettings = {
				BUNDLE_LOADER = "$(TEST_HOST)";
				INFOPLIST_FILE = InstaKiloTests/Info.plist;
				LD_RUNPATH_SEARCH_PATHS = "$(inherited) @executable_path/Frameworks @loader_path/Frameworks";
				PRODUCT_BUNDLE_IDENTIFIER = com.victorhong.InstaKiloTests;
				PRODUCT_NAME = "$(TARGET_NAME)";
				TEST_HOST = "$(BUILT_PRODUCTS_DIR)/InstaKilo.app/InstaKilo";
			};
			name = Debug;
		};
		2BDFE9F11DDCBC2500B87696 /* Release */ = {
			isa = XCBuildConfiguration;
			buildSettings = {
				BUNDLE_LOADER = "$(TEST_HOST)";
				INFOPLIST_FILE = InstaKiloTests/Info.plist;
				LD_RUNPATH_SEARCH_PATHS = "$(inherited) @executable_path/Frameworks @loader_path/Frameworks";
				PRODUCT_BUNDLE_IDENTIFIER = com.victorhong.InstaKiloTests;
				PRODUCT_NAME = "$(TARGET_NAME)";
				TEST_HOST = "$(BUILT_PRODUCTS_DIR)/InstaKilo.app/InstaKilo";
			};
			name = Release;
		};
		2BDFE9F31DDCBC2500B87696 /* Debug */ = {
			isa = XCBuildConfiguration;
			buildSettings = {
				INFOPLIST_FILE = InstaKiloUITests/Info.plist;
				LD_RUNPATH_SEARCH_PATHS = "$(inherited) @executable_path/Frameworks @loader_path/Frameworks";
				PRODUCT_BUNDLE_IDENTIFIER = com.victorhong.InstaKiloUITests;
				PRODUCT_NAME = "$(TARGET_NAME)";
				TEST_TARGET_NAME = InstaKilo;
			};
			name = Debug;
		};
		2BDFE9F41DDCBC2500B87696 /* Release */ = {
			isa = XCBuildConfiguration;
			buildSettings = {
				INFOPLIST_FILE = InstaKiloUITests/Info.plist;
				LD_RUNPATH_SEARCH_PATHS = "$(inherited) @executable_path/Frameworks @loader_path/Frameworks";
				PRODUCT_BUNDLE_IDENTIFIER = com.victorhong.InstaKiloUITests;
				PRODUCT_NAME = "$(TARGET_NAME)";
				TEST_TARGET_NAME = InstaKilo;
			};
			name = Release;
		};
/* End XCBuildConfiguration section */

/* Begin XCConfigurationList section */
		2BDFE9BA1DDCBC2500B87696 /* Build configuration list for PBXProject "InstaKilo" */ = {
			isa = XCConfigurationList;
			buildConfigurations = (
				2BDFE9EA1DDCBC2500B87696 /* Debug */,
				2BDFE9EB1DDCBC2500B87696 /* Release */,
			);
			defaultConfigurationIsVisible = 0;
			defaultConfigurationName = Release;
		};
		2BDFE9EC1DDCBC2500B87696 /* Build configuration list for PBXNativeTarget "InstaKilo" */ = {
			isa = XCConfigurationList;
			buildConfigurations = (
				2BDFE9ED1DDCBC2500B87696 /* Debug */,
				2BDFE9EE1DDCBC2500B87696 /* Release */,
			);
			defaultConfigurationIsVisible = 0;
		};
		2BDFE9EF1DDCBC2500B87696 /* Build configuration list for PBXNativeTarget "InstaKiloTests" */ = {
			isa = XCConfigurationList;
			buildConfigurations = (
				2BDFE9F01DDCBC2500B87696 /* Debug */,
				2BDFE9F11DDCBC2500B87696 /* Release */,
			);
			defaultConfigurationIsVisible = 0;
		};
		2BDFE9F21DDCBC2500B87696 /* Build configuration list for PBXNativeTarget "InstaKiloUITests" */ = {
			isa = XCConfigurationList;
			buildConfigurations = (
				2BDFE9F31DDCBC2500B87696 /* Debug */,
				2BDFE9F41DDCBC2500B87696 /* Release */,
			);
			defaultConfigurationIsVisible = 0;
		};
/* End XCConfigurationList section */
	};
	rootObject = 2BDFE9B71DDCBC2500B87696 /* Project object */;
}
